
Microsoft Visual Studio Solution File, Format Version 12.00
# Visual Studio Version 17
VisualStudioVersion = 17.12.35527.113
MinimumVisualStudioVersion = 10.0.40219.1
Project("{FAE04EC0-301F-11D3-BF4B-00C04F79EFBC}") = "GoodManager.Web", "GoodManager.Web\GoodManager.Web.csproj", "{55025CB4-3EE7-4B03-8356-AD934FAABBDF}"
EndProject
Project("{FAE04EC0-301F-11D3-BF4B-00C04F79EFBC}") = "GoodManager.Domain", "GoodManager.Domain\GoodManager.Domain.csproj", "{1C8944F2-FF1C-4B68-AC42-29A78FC74BBE}"
EndProject
Project("{FAE04EC0-301F-11D3-BF4B-00C04F79EFBC}") = "GoodManager.Application", "GoodManager.Application\GoodManager.Application.csproj", "{B5C53A19-5938-4A1B-807D-0010073131FE}"
EndProject
Project("{FAE04EC0-301F-11D3-BF4B-00C04F79EFBC}") = "GoodManager.Infrastructure", "GoodManager.Infrastructure\GoodManager.Infrastructure.csproj", "{B2B1FCDC-6EC6-471C-A049-D41E213893E9}"
EndProject
Global
	GlobalSection(SolutionConfigurationPlatforms) = preSolution
		Debug|Any CPU = Debug|Any CPU
		Release|Any CPU = Release|Any CPU
	EndGlobalSection
	GlobalSection(ProjectConfigurationPlatforms) = postSolution
		{55025CB4-3EE7-4B03-8356-AD934FAABBDF}.Debug|Any CPU.ActiveCfg = Debug|Any CPU
		{55025CB4-3EE7-4B03-8356-AD934FAABBDF}.Debug|Any CPU.Build.0 = Debug|Any CPU
		{55025CB4-3EE7-4B03-8356-AD934FAABBDF}.Release|Any CPU.ActiveCfg = Release|Any CPU
		{55025CB4-3EE7-4B03-8356-AD934FAABBDF}.Release|Any CPU.Build.0 = Release|Any CPU
		{1C8944F2-FF1C-4B68-AC42-29A78FC74BBE}.Debug|Any CPU.ActiveCfg = Debug|Any CPU
		{1C8944F2-FF1C-4B68-AC42-29A78FC74BBE}.Debug|Any CPU.Build.0 = Debug|Any CPU
		{1C8944F2-FF1C-4B68-AC42-29A78FC74BBE}.Release|Any CPU.ActiveCfg = Release|Any CPU
		{1C8944F2-FF1C-4B68-AC42-29A78FC74BBE}.Release|Any CPU.Build.0 = Release|Any CPU
		{B5C53A19-5938-4A1B-807D-0010073131FE}.Debug|Any CPU.ActiveCfg = Debug|Any CPU
		{B5C53A19-5938-4A1B-807D-0010073131FE}.Debug|Any CPU.Build.0 = Debug|Any CPU
		{B5C53A19-5938-4A1B-807D-0010073131FE}.Release|Any CPU.ActiveCfg = Release|Any CPU
		{B5C53A19-5938-4A1B-807D-0010073131FE}.Release|Any CPU.Build.0 = Release|Any CPU
		{B2B1FCDC-6EC6-471C-A049-D41E213893E9}.Debug|Any CPU.ActiveCfg = Debug|Any CPU
		{B2B1FCDC-6EC6-471C-A049-D41E213893E9}.Debug|Any CPU.Build.0 = Debug|Any CPU
		{B2B1FCDC-6EC6-471C-A049-D41E213893E9}.Release|Any CPU.ActiveCfg = Release|Any CPU
		{B2B1FCDC-6EC6-471C-A049-D41E213893E9}.Release|Any CPU.Build.0 = Release|Any CPU
	EndGlobalSection
	GlobalSection(SolutionProperties) = preSolution
		HideSolutionNode = FALSE
	EndGlobalSection
EndGlobal
